
Microsoft Visual Studio Solution File, Format Version 12.00
# Visual Studio Version 17
VisualStudioVersion = 17.8.34511.84
MinimumVisualStudioVersion = 10.0.40219.1
Project("{FAE04EC0-301F-11D3-BF4B-00C04F79EFBC}") = "InventoryManagementSystem", "InventoryManagementSystem\InventoryManagementSystem.csproj", "{5B6C9F21-9444-4C58-A253-0FDD85D4186B}"
EndProject
Global
	GlobalSection(SolutionConfigurationPlatforms) = preSolution
		Debug|Any CPU = Debug|Any CPU
		Release|Any CPU = Release|Any CPU
	EndGlobalSection
	GlobalSection(ProjectConfigurationPlatforms) = postSolution
		{5B6C9F21-9444-4C58-A253-0FDD85D4186B}.Debug|Any CPU.ActiveCfg = Debug|Any CPU
		{5B6C9F21-9444-4C58-A253-0FDD85D4186B}.Debug|Any CPU.Build.0 = Debug|Any CPU
		{5B6C9F21-9444-4C58-A253-0FDD85D4186B}.Release|Any CPU.ActiveCfg = Release|Any CPU
		{5B6C9F21-9444-4C58-A253-0FDD85D4186B}.Release|Any CPU.Build.0 = Release|Any CPU
	EndGlobalSection
	GlobalSection(SolutionProperties) = preSolution
		HideSolutionNode = FALSE
	EndGlobalSection
	GlobalSection(ExtensibilityGlobals) = postSolution
		SolutionGuid = {AEA3C3C4-0981-4A4C-BCB0-6E48661DD56E}
	EndGlobalSection
EndGlobal
