
Microsoft Visual Studio Solution File, Format Version 12.00
# Visual Studio Version 17
VisualStudioVersion = 17.11.35208.52
MinimumVisualStudioVersion = 10.0.40219.1
Project("{9A19103F-16F7-4668-BE54-9A1E7A4F7556}") = "IMS.AggregateRoot", "IMS.AggregateRoot\IMS.AggregateRoot.csproj", "{967832EF-1CCF-4F89-8F9C-10B0CFFF1E68}"
EndProject
Project("{9A19103F-16F7-4668-BE54-9A1E7A4F7556}") = "IMS.DTO", "IMS.DTO\IMS.DTO.csproj", "{EBC5B1E8-7D73-4F8D-900A-8F09D69586C4}"
EndProject
Project("{9A19103F-16F7-4668-BE54-9A1E7A4F7556}") = "IMS.Handler", "IMS.Handler\IMS.Handler.csproj", "{1EFC7E6A-BA64-4182-B955-82FA43840F01}"
EndProject
Project("{9A19103F-16F7-4668-BE54-9A1E7A4F7556}") = "IMS.Repository", "IMS.Repository\IMS.Repository.csproj", "{775F554F-B49C-4B5A-B78C-06174F2D84AB}"
EndProject
Project("{9A19103F-16F7-4668-BE54-9A1E7A4F7556}") = "IMS.InventoryManagementSystem", "InventoryManagementSystem\IMS.InventoryManagementSystem.csproj", "{4BD424A9-91CB-483D-9228-D300F6499B17}"
EndProject
Global
	GlobalSection(SolutionConfigurationPlatforms) = preSolution
		Debug|Any CPU = Debug|Any CPU
		Release|Any CPU = Release|Any CPU
	EndGlobalSection
	GlobalSection(ProjectConfigurationPlatforms) = postSolution
		{967832EF-1CCF-4F89-8F9C-10B0CFFF1E68}.Debug|Any CPU.ActiveCfg = Debug|Any CPU
		{967832EF-1CCF-4F89-8F9C-10B0CFFF1E68}.Debug|Any CPU.Build.0 = Debug|Any CPU
		{967832EF-1CCF-4F89-8F9C-10B0CFFF1E68}.Release|Any CPU.ActiveCfg = Release|Any CPU
		{967832EF-1CCF-4F89-8F9C-10B0CFFF1E68}.Release|Any CPU.Build.0 = Release|Any CPU
		{EBC5B1E8-7D73-4F8D-900A-8F09D69586C4}.Debug|Any CPU.ActiveCfg = Debug|Any CPU
		{EBC5B1E8-7D73-4F8D-900A-8F09D69586C4}.Debug|Any CPU.Build.0 = Debug|Any CPU
		{EBC5B1E8-7D73-4F8D-900A-8F09D69586C4}.Release|Any CPU.ActiveCfg = Release|Any CPU
		{EBC5B1E8-7D73-4F8D-900A-8F09D69586C4}.Release|Any CPU.Build.0 = Release|Any CPU
		{1EFC7E6A-BA64-4182-B955-82FA43840F01}.Debug|Any CPU.ActiveCfg = Debug|Any CPU
		{1EFC7E6A-BA64-4182-B955-82FA43840F01}.Debug|Any CPU.Build.0 = Debug|Any CPU
		{1EFC7E6A-BA64-4182-B955-82FA43840F01}.Release|Any CPU.ActiveCfg = Release|Any CPU
		{1EFC7E6A-BA64-4182-B955-82FA43840F01}.Release|Any CPU.Build.0 = Release|Any CPU
		{775F554F-B49C-4B5A-B78C-06174F2D84AB}.Debug|Any CPU.ActiveCfg = Debug|Any CPU
		{775F554F-B49C-4B5A-B78C-06174F2D84AB}.Debug|Any CPU.Build.0 = Debug|Any CPU
		{775F554F-B49C-4B5A-B78C-06174F2D84AB}.Release|Any CPU.ActiveCfg = Release|Any CPU
		{775F554F-B49C-4B5A-B78C-06174F2D84AB}.Release|Any CPU.Build.0 = Release|Any CPU
		{4BD424A9-91CB-483D-9228-D300F6499B17}.Debug|Any CPU.ActiveCfg = Debug|Any CPU
		{4BD424A9-91CB-483D-9228-D300F6499B17}.Debug|Any CPU.Build.0 = Debug|Any CPU
		{4BD424A9-91CB-483D-9228-D300F6499B17}.Release|Any CPU.ActiveCfg = Release|Any CPU
		{4BD424A9-91CB-483D-9228-D300F6499B17}.Release|Any CPU.Build.0 = Release|Any CPU
	EndGlobalSection
	GlobalSection(SolutionProperties) = preSolution
		HideSolutionNode = FALSE
	EndGlobalSection
	GlobalSection(ExtensibilityGlobals) = postSolution
		SolutionGuid = {5E099C5A-27BF-4BC3-B04F-D779F6E7EF17}
	EndGlobalSection
EndGlobal
